
Microsoft Visual Studio Solution File, Format Version 12.00
# Visual Studio Version 16
VisualStudioVersion = 16.0.30114.105
MinimumVisualStudioVersion = 10.0.40219.1
Project("{FAE04EC0-301F-11D3-BF4B-00C04F79EFBC}") = "CSVFileReceiver", "src\CSVFileReceiver.csproj", "{5AEFAABF-2210-46C4-8ED6-70A9ED066687}"
EndProject
Project("{FAE04EC0-301F-11D3-BF4B-00C04F79EFBC}") = "CSVFileReceiver.Test", "test\CSVFileReceiver.Test.csproj", "{AEEFB0A2-CEE5-4197-B9A9-3BA6E22CB703}"
EndProject
Global
	GlobalSection(SolutionConfigurationPlatforms) = preSolution
		Debug|Any CPU = Debug|Any CPU
		Release|Any CPU = Release|Any CPU
	EndGlobalSection
	GlobalSection(SolutionProperties) = preSolution
		HideSolutionNode = FALSE
	EndGlobalSection
	GlobalSection(ProjectConfigurationPlatforms) = postSolution
		{5AEFAABF-2210-46C4-8ED6-70A9ED066687}.Debug|Any CPU.ActiveCfg = Debug|Any CPU
		{5AEFAABF-2210-46C4-8ED6-70A9ED066687}.Debug|Any CPU.Build.0 = Debug|Any CPU
		{5AEFAABF-2210-46C4-8ED6-70A9ED066687}.Release|Any CPU.ActiveCfg = Release|Any CPU
		{5AEFAABF-2210-46C4-8ED6-70A9ED066687}.Release|Any CPU.Build.0 = Release|Any CPU
		{AEEFB0A2-CEE5-4197-B9A9-3BA6E22CB703}.Debug|Any CPU.ActiveCfg = Debug|Any CPU
		{AEEFB0A2-CEE5-4197-B9A9-3BA6E22CB703}.Debug|Any CPU.Build.0 = Debug|Any CPU
		{AEEFB0A2-CEE5-4197-B9A9-3BA6E22CB703}.Release|Any CPU.ActiveCfg = Release|Any CPU
		{AEEFB0A2-CEE5-4197-B9A9-3BA6E22CB703}.Release|Any CPU.Build.0 = Release|Any CPU
	EndGlobalSection
EndGlobal
